
Microsoft Visual Studio Solution File, Format Version 12.00
# Visual Studio 15
VisualStudioVersion = 15.0.27130.2036
MinimumVisualStudioVersion = 10.0.40219.1
Project("{FAE04EC0-301F-11D3-BF4B-00C04F79EFBC}") = "His_Pos", "His_Pos.csproj", "{E004A0E3-1D53-41BA-9D84-3C229D924996}"
EndProject
Project("{FAE04EC0-301F-11D3-BF4B-00C04F79EFBC}") = "His_PosTests1", "..\His_PosTests1\His_PosTests1.csproj", "{432B690F-04B4-4606-AA7A-C85F11B8E4F3}"
EndProject
Global
	GlobalSection(SolutionConfigurationPlatforms) = preSolution
		Debug|Any CPU = Debug|Any CPU
		Debug|x64 = Debug|x64
		Debug|x86 = Debug|x86
		Release|Any CPU = Release|Any CPU
		Release|x64 = Release|x64
		Release|x86 = Release|x86
	EndGlobalSection
	GlobalSection(ProjectConfigurationPlatforms) = postSolution
		{E004A0E3-1D53-41BA-9D84-3C229D924996}.Debug|Any CPU.ActiveCfg = Debug|Any CPU
		{E004A0E3-1D53-41BA-9D84-3C229D924996}.Debug|Any CPU.Build.0 = Debug|Any CPU
		{E004A0E3-1D53-41BA-9D84-3C229D924996}.Debug|x64.ActiveCfg = Debug|x64
		{E004A0E3-1D53-41BA-9D84-3C229D924996}.Debug|x64.Build.0 = Debug|x64
		{E004A0E3-1D53-41BA-9D84-3C229D924996}.Debug|x86.ActiveCfg = Debug|x86
		{E004A0E3-1D53-41BA-9D84-3C229D924996}.Debug|x86.Build.0 = Debug|x86
		{E004A0E3-1D53-41BA-9D84-3C229D924996}.Release|Any CPU.ActiveCfg = Release|Any CPU
		{E004A0E3-1D53-41BA-9D84-3C229D924996}.Release|Any CPU.Build.0 = Release|Any CPU
		{E004A0E3-1D53-41BA-9D84-3C229D924996}.Release|x64.ActiveCfg = Release|x64
		{E004A0E3-1D53-41BA-9D84-3C229D924996}.Release|x64.Build.0 = Release|x64
		{E004A0E3-1D53-41BA-9D84-3C229D924996}.Release|x86.ActiveCfg = Release|x86
		{E004A0E3-1D53-41BA-9D84-3C229D924996}.Release|x86.Build.0 = Release|x86
		{432B690F-04B4-4606-AA7A-C85F11B8E4F3}.Debug|Any CPU.ActiveCfg = Debug|Any CPU
		{432B690F-04B4-4606-AA7A-C85F11B8E4F3}.Debug|Any CPU.Build.0 = Debug|Any CPU
		{432B690F-04B4-4606-AA7A-C85F11B8E4F3}.Debug|x64.ActiveCfg = Debug|Any CPU
		{432B690F-04B4-4606-AA7A-C85F11B8E4F3}.Debug|x64.Build.0 = Debug|Any CPU
		{432B690F-04B4-4606-AA7A-C85F11B8E4F3}.Debug|x86.ActiveCfg = Debug|Any CPU
		{432B690F-04B4-4606-AA7A-C85F11B8E4F3}.Debug|x86.Build.0 = Debug|Any CPU
		{432B690F-04B4-4606-AA7A-C85F11B8E4F3}.Release|Any CPU.ActiveCfg = Release|Any CPU
		{432B690F-04B4-4606-AA7A-C85F11B8E4F3}.Release|Any CPU.Build.0 = Release|Any CPU
		{432B690F-04B4-4606-AA7A-C85F11B8E4F3}.Release|x64.ActiveCfg = Release|Any CPU
		{432B690F-04B4-4606-AA7A-C85F11B8E4F3}.Release|x64.Build.0 = Release|Any CPU
		{432B690F-04B4-4606-AA7A-C85F11B8E4F3}.Release|x86.ActiveCfg = Release|Any CPU
		{432B690F-04B4-4606-AA7A-C85F11B8E4F3}.Release|x86.Build.0 = Release|Any CPU
	EndGlobalSection
	GlobalSection(SolutionProperties) = preSolution
		HideSolutionNode = FALSE
	EndGlobalSection
	GlobalSection(ExtensibilityGlobals) = postSolution
		SolutionGuid = {060E2AA0-69C4-4394-9E6D-17F78A16FD14}
	EndGlobalSection
EndGlobal
