
Microsoft Visual Studio Solution File, Format Version 12.00
# Visual Studio Version 17
VisualStudioVersion = 17.0.32112.339
MinimumVisualStudioVersion = 10.0.40219.1
Project("{FAE04EC0-301F-11D3-BF4B-00C04F79EFBC}") = "His_Pos", "His_Pos.csproj", "{E004A0E3-1D53-41BA-9D84-3C229D924996}"
EndProject
Project("{FAE04EC0-301F-11D3-BF4B-00C04F79EFBC}") = "InfraStructure", "..\InfraStructure\InfraStructure.csproj", "{80C7A5BE-46F5-46EE-9E10-C14DD8A6E281}"
EndProject
Global
	GlobalSection(SolutionConfigurationPlatforms) = preSolution
		Debug|Any CPU = Debug|Any CPU
		Debug|x64 = Debug|x64
		Debug|x86 = Debug|x86
		Release|Any CPU = Release|Any CPU
		Release|x64 = Release|x64
		Release|x86 = Release|x86
	EndGlobalSection
	GlobalSection(ProjectConfigurationPlatforms) = postSolution
		{E004A0E3-1D53-41BA-9D84-3C229D924996}.Debug|Any CPU.ActiveCfg = Debug|Any CPU
		{E004A0E3-1D53-41BA-9D84-3C229D924996}.Debug|Any CPU.Build.0 = Debug|Any CPU
		{E004A0E3-1D53-41BA-9D84-3C229D924996}.Debug|x64.ActiveCfg = Debug|x64
		{E004A0E3-1D53-41BA-9D84-3C229D924996}.Debug|x64.Build.0 = Debug|x64
		{E004A0E3-1D53-41BA-9D84-3C229D924996}.Debug|x86.ActiveCfg = Debug|x64
		{E004A0E3-1D53-41BA-9D84-3C229D924996}.Debug|x86.Build.0 = Debug|x64
		{E004A0E3-1D53-41BA-9D84-3C229D924996}.Release|Any CPU.ActiveCfg = Release|Any CPU
		{E004A0E3-1D53-41BA-9D84-3C229D924996}.Release|Any CPU.Build.0 = Release|Any CPU
		{E004A0E3-1D53-41BA-9D84-3C229D924996}.Release|x64.ActiveCfg = Release|x64
		{E004A0E3-1D53-41BA-9D84-3C229D924996}.Release|x64.Build.0 = Release|x64
		{E004A0E3-1D53-41BA-9D84-3C229D924996}.Release|x86.ActiveCfg = Release|x86
		{E004A0E3-1D53-41BA-9D84-3C229D924996}.Release|x86.Build.0 = Release|x86
		{80C7A5BE-46F5-46EE-9E10-C14DD8A6E281}.Debug|Any CPU.ActiveCfg = Debug|Any CPU
		{80C7A5BE-46F5-46EE-9E10-C14DD8A6E281}.Debug|Any CPU.Build.0 = Debug|Any CPU
		{80C7A5BE-46F5-46EE-9E10-C14DD8A6E281}.Debug|x64.ActiveCfg = Debug|Any CPU
		{80C7A5BE-46F5-46EE-9E10-C14DD8A6E281}.Debug|x64.Build.0 = Debug|Any CPU
		{80C7A5BE-46F5-46EE-9E10-C14DD8A6E281}.Debug|x86.ActiveCfg = Debug|Any CPU
		{80C7A5BE-46F5-46EE-9E10-C14DD8A6E281}.Debug|x86.Build.0 = Debug|Any CPU
		{80C7A5BE-46F5-46EE-9E10-C14DD8A6E281}.Release|Any CPU.ActiveCfg = Release|Any CPU
		{80C7A5BE-46F5-46EE-9E10-C14DD8A6E281}.Release|Any CPU.Build.0 = Release|Any CPU
		{80C7A5BE-46F5-46EE-9E10-C14DD8A6E281}.Release|x64.ActiveCfg = Release|Any CPU
		{80C7A5BE-46F5-46EE-9E10-C14DD8A6E281}.Release|x64.Build.0 = Release|Any CPU
		{80C7A5BE-46F5-46EE-9E10-C14DD8A6E281}.Release|x86.ActiveCfg = Release|Any CPU
		{80C7A5BE-46F5-46EE-9E10-C14DD8A6E281}.Release|x86.Build.0 = Release|Any CPU
	EndGlobalSection
	GlobalSection(SolutionProperties) = preSolution
		HideSolutionNode = FALSE
	EndGlobalSection
	GlobalSection(ExtensibilityGlobals) = postSolution
		SolutionGuid = {060E2AA0-69C4-4394-9E6D-17F78A16FD14}
	EndGlobalSection
EndGlobal
